// !$*UTF8*$!
{
	archiveVersion = 1;
	classes = {
	};
	objectVersion = 46;
	objects = {

/* Begin PBXBuildFile section */
		1AB76AC619C810D300477D12 /* Foundation.framework in Frameworks */ = {isa = PBXBuildFile; fileRef = 1AB76AC519C810D300477D12 /* Foundation.framework */; };
		1AB76AC819C810D300477D12 /* CoreGraphics.framework in Frameworks */ = {isa = PBXBuildFile; fileRef = 1AB76AC719C810D300477D12 /* CoreGraphics.framework */; };
		1AB76ACA19C810D300477D12 /* UIKit.framework in Frameworks */ = {isa = PBXBuildFile; fileRef = 1AB76AC919C810D300477D12 /* UIKit.framework */; };
		1AB76AD019C810D300477D12 /* InfoPlist.strings in Resources */ = {isa = PBXBuildFile; fileRef = 1AB76ACE19C810D300477D12 /* InfoPlist.strings */; };
		1AB76AD219C810D300477D12 /* main.m in Sources */ = {isa = PBXBuildFile; fileRef = 1AB76AD119C810D300477D12 /* main.m */; };
		1AB76AD619C810D300477D12 /* FBAppDelegate.m in Sources */ = {isa = PBXBuildFile; fileRef = 1AB76AD519C810D300477D12 /* FBAppDelegate.m */; };
		1AB76AD819C810D300477D12 /* Images.xcassets in Resources */ = {isa = PBXBuildFile; fileRef = 1AB76AD719C810D300477D12 /* Images.xcassets */; };
		1AB76ADF19C810D300477D12 /* XCTest.framework in Frameworks */ = {isa = PBXBuildFile; fileRef = 1AB76ADE19C810D300477D12 /* XCTest.framework */; };
		1AB76AE019C810D300477D12 /* Foundation.framework in Frameworks */ = {isa = PBXBuildFile; fileRef = 1AB76AC519C810D300477D12 /* Foundation.framework */; };
		1AB76AE119C810D300477D12 /* UIKit.framework in Frameworks */ = {isa = PBXBuildFile; fileRef = 1AB76AC919C810D300477D12 /* UIKit.framework */; };
		1AB76AE919C810D300477D12 /* InfoPlist.strings in Resources */ = {isa = PBXBuildFile; fileRef = 1AB76AE719C810D300477D12 /* InfoPlist.strings */; };
		1AB76AEB19C810D300477D12 /* QuizTests.m in Sources */ = {isa = PBXBuildFile; fileRef = 1AB76AEA19C810D300477D12 /* QuizTests.m */; };
		1AB76AF719C8150D00477D12 /* FBQuizViewController.m in Sources */ = {isa = PBXBuildFile; fileRef = 1AB76AF519C8150D00477D12 /* FBQuizViewController.m */; };
		1AB76AF819C8150D00477D12 /* FBQuizViewController.xib in Resources */ = {isa = PBXBuildFile; fileRef = 1AB76AF619C8150D00477D12 /* FBQuizViewController.xib */; };
/* End PBXBuildFile section */

/* Begin PBXContainerItemProxy section */
		1AB76AE219C810D300477D12 /* PBXContainerItemProxy */ = {
			isa = PBXContainerItemProxy;
			containerPortal = 1AB76ABA19C810D300477D12 /* Project object */;
			proxyType = 1;
			remoteGlobalIDString = 1AB76AC119C810D300477D12;
			remoteInfo = Quiz;
		};
/* End PBXContainerItemProxy section */

/* Begin PBXFileReference section */
		1AB76AC219C810D300477D12 /* Quiz.app */ = {isa = PBXFileReference; explicitFileType = wrapper.application; includeInIndex = 0; path = Quiz.app; sourceTree = BUILT_PRODUCTS_DIR; };
		1AB76AC519C810D300477D12 /* Foundation.framework */ = {isa = PBXFileReference; lastKnownFileType = wrapper.framework; name = Foundation.framework; path = System/Library/Frameworks/Foundation.framework; sourceTree = SDKROOT; };
		1AB76AC719C810D300477D12 /* CoreGraphics.framework */ = {isa = PBXFileReference; lastKnownFileType = wrapper.framework; name = CoreGraphics.framework; path = System/Library/Frameworks/CoreGraphics.framework; sourceTree = SDKROOT; };
		1AB76AC919C810D300477D12 /* UIKit.framework */ = {isa = PBXFileReference; lastKnownFileType = wrapper.framework; name = UIKit.framework; path = System/Library/Frameworks/UIKit.framework; sourceTree = SDKROOT; };
		1AB76ACD19C810D300477D12 /* Quiz-Info.plist */ = {isa = PBXFileReference; lastKnownFileType = text.plist.xml; path = "Quiz-Info.plist"; sourceTree = "<group>"; };
		1AB76ACF19C810D300477D12 /* en */ = {isa = PBXFileReference; lastKnownFileType = text.plist.strings; name = en; path = en.lproj/InfoPlist.strings; sourceTree = "<group>"; };
		1AB76AD119C810D300477D12 /* main.m */ = {isa = PBXFileReference; lastKnownFileType = sourcecode.c.objc; path = main.m; sourceTree = "<group>"; };
		1AB76AD319C810D300477D12 /* Quiz-Prefix.pch */ = {isa = PBXFileReference; lastKnownFileType = sourcecode.c.h; path = "Quiz-Prefix.pch"; sourceTree = "<group>"; };
		1AB76AD419C810D300477D12 /* FBAppDelegate.h */ = {isa = PBXFileReference; lastKnownFileType = sourcecode.c.h; path = FBAppDelegate.h; sourceTree = "<group>"; };
		1AB76AD519C810D300477D12 /* FBAppDelegate.m */ = {isa = PBXFileReference; lastKnownFileType = sourcecode.c.objc; path = FBAppDelegate.m; sourceTree = "<group>"; };
		1AB76AD719C810D300477D12 /* Images.xcassets */ = {isa = PBXFileReference; lastKnownFileType = folder.assetcatalog; path = Images.xcassets; sourceTree = "<group>"; };
		1AB76ADD19C810D300477D12 /* QuizTests.xctest */ = {isa = PBXFileReference; explicitFileType = wrapper.cfbundle; includeInIndex = 0; path = QuizTests.xctest; sourceTree = BUILT_PRODUCTS_DIR; };
		1AB76ADE19C810D300477D12 /* XCTest.framework */ = {isa = PBXFileReference; lastKnownFileType = wrapper.framework; name = XCTest.framework; path = Library/Frameworks/XCTest.framework; sourceTree = DEVELOPER_DIR; };
		1AB76AE619C810D300477D12 /* QuizTests-Info.plist */ = {isa = PBXFileReference; lastKnownFileType = text.plist.xml; path = "QuizTests-Info.plist"; sourceTree = "<group>"; };
		1AB76AE819C810D300477D12 /* en */ = {isa = PBXFileReference; lastKnownFileType = text.plist.strings; name = en; path = en.lproj/InfoPlist.strings; sourceTree = "<group>"; };
		1AB76AEA19C810D300477D12 /* QuizTests.m */ = {isa = PBXFileReference; lastKnownFileType = sourcecode.c.objc; path = QuizTests.m; sourceTree = "<group>"; };
		1AB76AF419C8150D00477D12 /* FBQuizViewController.h */ = {isa = PBXFileReference; fileEncoding = 4; lastKnownFileType = sourcecode.c.h; path = FBQuizViewController.h; sourceTree = "<group>"; };
		1AB76AF519C8150D00477D12 /* FBQuizViewController.m */ = {isa = PBXFileReference; fileEncoding = 4; lastKnownFileType = sourcecode.c.objc; path = FBQuizViewController.m; sourceTree = "<group>"; };
		1AB76AF619C8150D00477D12 /* FBQuizViewController.xib */ = {isa = PBXFileReference; fileEncoding = 4; lastKnownFileType = file.xib; path = FBQuizViewController.xib; sourceTree = "<group>"; };
/* End PBXFileReference section */

/* Begin PBXFrameworksBuildPhase section */
		1AB76ABF19C810D300477D12 /* Frameworks */ = {
			isa = PBXFrameworksBuildPhase;
			buildActionMask = 2147483647;
			files = (
				1AB76AC819C810D300477D12 /* CoreGraphics.framework in Frameworks */,
				1AB76ACA19C810D300477D12 /* UIKit.framework in Frameworks */,
				1AB76AC619C810D300477D12 /* Foundation.framework in Frameworks */,
			);
			runOnlyForDeploymentPostprocessing = 0;
		};
		1AB76ADA19C810D300477D12 /* Frameworks */ = {
			isa = PBXFrameworksBuildPhase;
			buildActionMask = 2147483647;
			files = (
				1AB76ADF19C810D300477D12 /* XCTest.framework in Frameworks */,
				1AB76AE119C810D300477D12 /* UIKit.framework in Frameworks */,
				1AB76AE019C810D300477D12 /* Foundation.framework in Frameworks */,
			);
			runOnlyForDeploymentPostprocessing = 0;
		};
/* End PBXFrameworksBuildPhase section */

/* Begin PBXGroup section */
		1AB76AB919C810D300477D12 = {
			isa = PBXGroup;
			children = (
				1AB76ACB19C810D300477D12 /* Quiz */,
				1AB76AE419C810D300477D12 /* QuizTests */,
				1AB76AC419C810D300477D12 /* Frameworks */,
				1AB76AC319C810D300477D12 /* Products */,
			);
			sourceTree = "<group>";
		};
		1AB76AC319C810D300477D12 /* Products */ = {
			isa = PBXGroup;
			children = (
				1AB76AC219C810D300477D12 /* Quiz.app */,
				1AB76ADD19C810D300477D12 /* QuizTests.xctest */,
			);
			name = Products;
			sourceTree = "<group>";
		};
		1AB76AC419C810D300477D12 /* Frameworks */ = {
			isa = PBXGroup;
			children = (
				1AB76AC519C810D300477D12 /* Foundation.framework */,
				1AB76AC719C810D300477D12 /* CoreGraphics.framework */,
				1AB76AC919C810D300477D12 /* UIKit.framework */,
				1AB76ADE19C810D300477D12 /* XCTest.framework */,
			);
			name = Frameworks;
			sourceTree = "<group>";
		};
		1AB76ACB19C810D300477D12 /* Quiz */ = {
			isa = PBXGroup;
			children = (
				1AB76AD419C810D300477D12 /* FBAppDelegate.h */,
				1AB76AD519C810D300477D12 /* FBAppDelegate.m */,
				1AB76AF419C8150D00477D12 /* FBQuizViewController.h */,
				1AB76AF519C8150D00477D12 /* FBQuizViewController.m */,
				1AB76AF619C8150D00477D12 /* FBQuizViewController.xib */,
				1AB76AD719C810D300477D12 /* Images.xcassets */,
				1AB76ACC19C810D300477D12 /* Supporting Files */,
			);
			path = Quiz;
			sourceTree = "<group>";
		};
		1AB76ACC19C810D300477D12 /* Supporting Files */ = {
			isa = PBXGroup;
			children = (
				1AB76ACD19C810D300477D12 /* Quiz-Info.plist */,
				1AB76ACE19C810D300477D12 /* InfoPlist.strings */,
				1AB76AD119C810D300477D12 /* main.m */,
				1AB76AD319C810D300477D12 /* Quiz-Prefix.pch */,
			);
			name = "Supporting Files";
			sourceTree = "<group>";
		};
		1AB76AE419C810D300477D12 /* QuizTests */ = {
			isa = PBXGroup;
			children = (
				1AB76AEA19C810D300477D12 /* QuizTests.m */,
				1AB76AE519C810D300477D12 /* Supporting Files */,
			);
			path = QuizTests;
			sourceTree = "<group>";
		};
		1AB76AE519C810D300477D12 /* Supporting Files */ = {
			isa = PBXGroup;
			children = (
				1AB76AE619C810D300477D12 /* QuizTests-Info.plist */,
				1AB76AE719C810D300477D12 /* InfoPlist.strings */,
			);
			name = "Supporting Files";
			sourceTree = "<group>";
		};
/* End PBXGroup section */

/* Begin PBXNativeTarget section */
		1AB76AC119C810D300477D12 /* Quiz */ = {
			isa = PBXNativeTarget;
			buildConfigurationList = 1AB76AEE19C810D300477D12 /* Build configuration list for PBXNativeTarget "Quiz" */;
			buildPhases = (
				1AB76ABE19C810D300477D12 /* Sources */,
				1AB76ABF19C810D300477D12 /* Frameworks */,
				1AB76AC019C810D300477D12 /* Resources */,
			);
			buildRules = (
			);
			dependencies = (
			);
			name = Quiz;
			productName = Quiz;
			productReference = 1AB76AC219C810D300477D12 /* Quiz.app */;
			productType = "com.apple.product-type.application";
		};
		1AB76ADC19C810D300477D12 /* QuizTests */ = {
			isa = PBXNativeTarget;
			buildConfigurationList = 1AB76AF119C810D300477D12 /* Build configuration list for PBXNativeTarget "QuizTests" */;
			buildPhases = (
				1AB76AD919C810D300477D12 /* Sources */,
				1AB76ADA19C810D300477D12 /* Frameworks */,
				1AB76ADB19C810D300477D12 /* Resources */,
			);
			buildRules = (
			);
			dependencies = (
				1AB76AE319C810D300477D12 /* PBXTargetDependency */,
			);
			name = QuizTests;
			productName = QuizTests;
			productReference = 1AB76ADD19C810D300477D12 /* QuizTests.xctest */;
			productType = "com.apple.product-type.bundle.unit-test";
		};
/* End PBXNativeTarget section */

/* Begin PBXProject section */
		1AB76ABA19C810D300477D12 /* Project object */ = {
			isa = PBXProject;
			attributes = {
				CLASSPREFIX = FB;
				LastUpgradeCheck = 0510;
				ORGANIZATIONNAME = FitBugg;
				TargetAttributes = {
					1AB76ADC19C810D300477D12 = {
						TestTargetID = 1AB76AC119C810D300477D12;
					};
				};
			};
			buildConfigurationList = 1AB76ABD19C810D300477D12 /* Build configuration list for PBXProject "Quiz" */;
			compatibilityVersion = "Xcode 3.2";
			developmentRegion = English;
			hasScannedForEncodings = 0;
			knownRegions = (
				en,
			);
			mainGroup = 1AB76AB919C810D300477D12;
			productRefGroup = 1AB76AC319C810D300477D12 /* Products */;
			projectDirPath = "";
			projectRoot = "";
			targets = (
				1AB76AC119C810D300477D12 /* Quiz */,
				1AB76ADC19C810D300477D12 /* QuizTests */,
			);
		};
/* End PBXProject section */

/* Begin PBXResourcesBuildPhase section */
		1AB76AC019C810D300477D12 /* Resources */ = {
			isa = PBXResourcesBuildPhase;
			buildActionMask = 2147483647;
			files = (
				1AB76AD019C810D300477D12 /* InfoPlist.strings in Resources */,
				1AB76AF819C8150D00477D12 /* FBQuizViewController.xib in Resources */,
				1AB76AD819C810D300477D12 /* Images.xcassets in Resources */,
			);
			runOnlyForDeploymentPostprocessing = 0;
		};
		1AB76ADB19C810D300477D12 /* Resources */ = {
			isa = PBXResourcesBuildPhase;
			buildActionMask = 2147483647;
			files = (
				1AB76AE919C810D300477D12 /* InfoPlist.strings in Resources */,
			);
			runOnlyForDeploymentPostprocessing = 0;
		};
/* End PBXResourcesBuildPhase section */

/* Begin PBXSourcesBuildPhase section */
		1AB76ABE19C810D300477D12 /* Sources */ = {
			isa = PBXSourcesBuildPhase;
			buildActionMask = 2147483647;
			files = (
				1AB76AD619C810D300477D12 /* FBAppDelegate.m in Sources */,
				1AB76AD219C810D300477D12 /* main.m in Sources */,
				1AB76AF719C8150D00477D12 /* FBQuizViewController.m in Sources */,
			);
			runOnlyForDeploymentPostprocessing = 0;
		};
		1AB76AD919C810D300477D12 /* Sources */ = {
			isa = PBXSourcesBuildPhase;
			buildActionMask = 2147483647;
			files = (
				1AB76AEB19C810D300477D12 /* QuizTests.m in Sources */,
			);
			runOnlyForDeploymentPostprocessing = 0;
		};
/* End PBXSourcesBuildPhase section */

/* Begin PBXTargetDependency section */
		1AB76AE319C810D300477D12 /* PBXTargetDependency */ = {
			isa = PBXTargetDependency;
			target = 1AB76AC119C810D300477D12 /* Quiz */;
			targetProxy = 1AB76AE219C810D300477D12 /* PBXContainerItemProxy */;
		};
/* End PBXTargetDependency section */

/* Begin PBXVariantGroup section */
		1AB76ACE19C810D300477D12 /* InfoPlist.strings */ = {
			isa = PBXVariantGroup;
			children = (
				1AB76ACF19C810D300477D12 /* en */,
			);
			name = InfoPlist.strings;
			sourceTree = "<group>";
		};
		1AB76AE719C810D300477D12 /* InfoPlist.strings */ = {
			isa = PBXVariantGroup;
			children = (
				1AB76AE819C810D300477D12 /* en */,
			);
			name = InfoPlist.strings;
			sourceTree = "<group>";
		};
/* End PBXVariantGroup section */

/* Begin XCBuildConfiguration section */
		1AB76AEC19C810D300477D12 /* Debug */ = {
			isa = XCBuildConfiguration;
			buildSettings = {
				ALWAYS_SEARCH_USER_PATHS = NO;
				CLANG_CXX_LANGUAGE_STANDARD = "gnu++0x";
				CLANG_CXX_LIBRARY = "libc++";
				CLANG_ENABLE_MODULES = YES;
				CLANG_ENABLE_OBJC_ARC = YES;
				CLANG_WARN_BOOL_CONVERSION = YES;
				CLANG_WARN_CONSTANT_CONVERSION = YES;
				CLANG_WARN_DIRECT_OBJC_ISA_USAGE = YES_ERROR;
				CLANG_WARN_EMPTY_BODY = YES;
				CLANG_WARN_ENUM_CONVERSION = YES;
				CLANG_WARN_INT_CONVERSION = YES;
				CLANG_WARN_OBJC_ROOT_CLASS = YES_ERROR;
				CLANG_WARN__DUPLICATE_METHOD_MATCH = YES;
				"CODE_SIGN_IDENTITY[sdk=iphoneos*]" = "iPhone Developer";
				COPY_PHASE_STRIP = NO;
				GCC_C_LANGUAGE_STANDARD = gnu99;
				GCC_DYNAMIC_NO_PIC = NO;
				GCC_OPTIMIZATION_LEVEL = 0;
				GCC_PREPROCESSOR_DEFINITIONS = (
					"DEBUG=1",
					"$(inherited)",
				);
				GCC_SYMBOLS_PRIVATE_EXTERN = NO;
				GCC_WARN_64_TO_32_BIT_CONVERSION = YES;
				GCC_WARN_ABOUT_RETURN_TYPE = YES_ERROR;
				GCC_WARN_UNDECLARED_SELECTOR = YES;
				GCC_WARN_UNINITIALIZED_AUTOS = YES_AGGRESSIVE;
				GCC_WARN_UNUSED_FUNCTION = YES;
				GCC_WARN_UNUSED_VARIABLE = YES;
				IPHONEOS_DEPLOYMENT_TARGET = 7.1;
				ONLY_ACTIVE_ARCH = YES;
				SDKROOT = iphoneos;
			};
			name = Debug;
		};
		1AB76AED19C810D300477D12 /* Release */ = {
			isa = XCBuildConfiguration;
			buildSettings = {
				ALWAYS_SEARCH_USER_PATHS = NO;
				CLANG_CXX_LANGUAGE_STANDARD = "gnu++0x";
				CLANG_CXX_LIBRARY = "libc++";
				CLANG_ENABLE_MODULES = YES;
				CLANG_ENABLE_OBJC_ARC = YES;
				CLANG_WARN_BOOL_CONVERSION = YES;
				CLANG_WARN_CONSTANT_CONVERSION = YES;
				CLANG_WARN_DIRECT_OBJC_ISA_USAGE = YES_ERROR;
				CLANG_WARN_EMPTY_BODY = YES;
				CLANG_WARN_ENUM_CONVERSION = YES;
				CLANG_WARN_INT_CONVERSION = YES;
				CLANG_WARN_OBJC_ROOT_CLASS = YES_ERROR;
				CLANG_WARN__DUPLICATE_METHOD_MATCH = YES;
				"CODE_SIGN_IDENTITY[sdk=iphoneos*]" = "iPhone Developer";
				COPY_PHASE_STRIP = YES;
				ENABLE_NS_ASSERTIONS = NO;
				GCC_C_LANGUAGE_STANDARD = gnu99;
				GCC_WARN_64_TO_32_BIT_CONVERSION = YES;
				GCC_WARN_ABOUT_RETURN_TYPE = YES_ERROR;
				GCC_WARN_UNDECLARED_SELECTOR = YES;
				GCC_WARN_UNINITIALIZED_AUTOS = YES_AGGRESSIVE;
				GCC_WARN_UNUSED_FUNCTION = YES;
				GCC_WARN_UNUSED_VARIABLE = YES;
				IPHONEOS_DEPLOYMENT_TARGET = 7.1;
				SDKROOT = iphoneos;
				VALIDATE_PRODUCT = YES;
			};
			name = Release;
		};
		1AB76AEF19C810D300477D12 /* Debug */ = {
			isa = XCBuildConfiguration;
			buildSettings = {
				ASSETCATALOG_COMPILER_APPICON_NAME = AppIcon;
				ASSETCATALOG_COMPILER_LAUNCHIMAGE_NAME = LaunchImage;
				GCC_PRECOMPILE_PREFIX_HEADER = YES;
				GCC_PREFIX_HEADER = "Quiz/Quiz-Prefix.pch";
				INFOPLIST_FILE = "Quiz/Quiz-Info.plist";
				PRODUCT_NAME = "$(TARGET_NAME)";
				WRAPPER_EXTENSION = app;
			};
			name = Debug;
		};
		1AB76AF019C810D300477D12 /* Release */ = {
			isa = XCBuildConfiguration;
			buildSettings = {
				ASSETCATALOG_COMPILER_APPICON_NAME = AppIcon;
				ASSETCATALOG_COMPILER_LAUNCHIMAGE_NAME = LaunchImage;
				GCC_PRECOMPILE_PREFIX_HEADER = YES;
				GCC_PREFIX_HEADER = "Quiz/Quiz-Prefix.pch";
				INFOPLIST_FILE = "Quiz/Quiz-Info.plist";
				PRODUCT_NAME = "$(TARGET_NAME)";
				WRAPPER_EXTENSION = app;
			};
			name = Release;
		};
		1AB76AF219C810D300477D12 /* Debug */ = {
			isa = XCBuildConfiguration;
			buildSettings = {
				BUNDLE_LOADER = "$(BUILT_PRODUCTS_DIR)/Quiz.app/Quiz";
				FRAMEWORK_SEARCH_PATHS = (
					"$(SDKROOT)/Developer/Library/Frameworks",
					"$(inherited)",
					"$(DEVELOPER_FRAMEWORKS_DIR)",
				);
				GCC_PRECOMPILE_PREFIX_HEADER = YES;
				GCC_PREFIX_HEADER = "Quiz/Quiz-Prefix.pch";
				GCC_PREPROCESSOR_DEFINITIONS = (
					"DEBUG=1",
					"$(inherited)",
				);
				INFOPLIST_FILE = "QuizTests/QuizTests-Info.plist";
				PRODUCT_NAME = "$(TARGET_NAME)";
				TEST_HOST = "$(BUNDLE_LOADER)";
				WRAPPER_EXTENSION = xctest;
			};
			name = Debug;
		};
		1AB76AF319C810D300477D12 /* Release */ = {
			isa = XCBuildConfiguration;
			buildSettings = {
				BUNDLE_LOADER = "$(BUILT_PRODUCTS_DIR)/Quiz.app/Quiz";
				FRAMEWORK_SEARCH_PATHS = (
					"$(SDKROOT)/Developer/Library/Frameworks",
					"$(inherited)",
					"$(DEVELOPER_FRAMEWORKS_DIR)",
				);
				GCC_PRECOMPILE_PREFIX_HEADER = YES;
				GCC_PREFIX_HEADER = "Quiz/Quiz-Prefix.pch";
				INFOPLIST_FILE = "QuizTests/QuizTests-Info.plist";
				PRODUCT_NAME = "$(TARGET_NAME)";
				TEST_HOST = "$(BUNDLE_LOADER)";
				WRAPPER_EXTENSION = xctest;
			};
			name = Release;
		};
/* End XCBuildConfiguration section */

/* Begin XCConfigurationList section */
		1AB76ABD19C810D300477D12 /* Build configuration list for PBXProject "Quiz" */ = {
			isa = XCConfigurationList;
			buildConfigurations = (
				1AB76AEC19C810D300477D12 /* Debug */,
				1AB76AED19C810D300477D12 /* Release */,
			);
			defaultConfigurationIsVisible = 0;
			defaultConfigurationName = Release;
		};
		1AB76AEE19C810D300477D12 /* Build configuration list for PBXNativeTarget "Quiz" */ = {
			isa = XCConfigurationList;
			buildConfigurations = (
				1AB76AEF19C810D300477D12 /* Debug */,
				1AB76AF019C810D300477D12 /* Release */,
			);
			defaultConfigurationIsVisible = 0;
		};
		1AB76AF119C810D300477D12 /* Build configuration list for PBXNativeTarget "QuizTests" */ = {
			isa = XCConfigurationList;
			buildConfigurations = (
				1AB76AF219C810D300477D12 /* Debug */,
				1AB76AF319C810D300477D12 /* Release */,
			);
			defaultConfigurationIsVisible = 0;
		};
/* End XCConfigurationList section */
	};
	rootObject = 1AB76ABA19C810D300477D12 /* Project object */;
}
